
Microsoft Visual Studio Solution File, Format Version 12.00
Project("{FAE04EC0-301F-11D3-BF4B-00C04F79EFBC}") = "AlgorithmIntroductionCsharp", "AlgorithmIntroductionCsharp\AlgorithmIntroductionCsharp.csproj", "{FEC01831-AE98-4884-AD45-9149375D46BB}"
EndProject
Global
	GlobalSection(SolutionConfigurationPlatforms) = preSolution
		Debug|Any CPU = Debug|Any CPU
		Release|Any CPU = Release|Any CPU
	EndGlobalSection
	GlobalSection(ProjectConfigurationPlatforms) = postSolution
		{FEC01831-AE98-4884-AD45-9149375D46BB}.Debug|Any CPU.ActiveCfg = Debug|Any CPU
		{FEC01831-AE98-4884-AD45-9149375D46BB}.Debug|Any CPU.Build.0 = Debug|Any CPU
		{FEC01831-AE98-4884-AD45-9149375D46BB}.Release|Any CPU.ActiveCfg = Release|Any CPU
		{FEC01831-AE98-4884-AD45-9149375D46BB}.Release|Any CPU.Build.0 = Release|Any CPU
	EndGlobalSection
EndGlobal
